// !$*UTF8*$!
{
	archiveVersion = 1;
	classes = {
	};
	objectVersion = 56;
	objects = {

/* Begin PBXBuildFile section */
		CAA7692D2CA2094B00F8A461 /* AppDelegate.swift in Sources */ = {isa = PBXBuildFile; fileRef = CAA7692C2CA2094B00F8A461 /* AppDelegate.swift */; };
		CAA7692F2CA2094B00F8A461 /* SceneDelegate.swift in Sources */ = {isa = PBXBuildFile; fileRef = CAA7692E2CA2094B00F8A461 /* SceneDelegate.swift */; };
		CAA769342CA2094B00F8A461 /* Base in Resources */ = {isa = PBXBuildFile; fileRef = CAA769332CA2094B00F8A461 /* Base */; };
		CAA769362CA2094C00F8A461 /* Assets.xcassets in Resources */ = {isa = PBXBuildFile; fileRef = CAA769352CA2094C00F8A461 /* Assets.xcassets */; };
		CAA769392CA2094C00F8A461 /* Base in Resources */ = {isa = PBXBuildFile; fileRef = CAA769382CA2094C00F8A461 /* Base */; };
		CAA769432CA20A9A00F8A461 /* NewsCell.swift in Sources */ = {isa = PBXBuildFile; fileRef = CAA769422CA20A9A00F8A461 /* NewsCell.swift */; };
		CAA769452CA20AC500F8A461 /* GameNews.swift in Sources */ = {isa = PBXBuildFile; fileRef = CAA769442CA20AC500F8A461 /* GameNews.swift */; };
		CAA769562CB5619E00F8A461 /* WebViewController.swift in Sources */ = {isa = PBXBuildFile; fileRef = CAA769552CB5619E00F8A461 /* WebViewController.swift */; };
		CAA769592CB562F300F8A461 /* StartViewController.swift in Sources */ = {isa = PBXBuildFile; fileRef = CAA769582CB562F300F8A461 /* StartViewController.swift */; };
		CAA7695B2CB5638400F8A461 /* NewsViewController.swift in Sources */ = {isa = PBXBuildFile; fileRef = CAA7695A2CB5638400F8A461 /* NewsViewController.swift */; };
		CAA7695D2CB5640900F8A461 /* WebMenager.swift in Sources */ = {isa = PBXBuildFile; fileRef = CAA7695C2CB5640900F8A461 /* WebMenager.swift */; };
		CAA7695F2CB5671A00F8A461 /* GamePrevievCell.swift in Sources */ = {isa = PBXBuildFile; fileRef = CAA7695E2CB5671A00F8A461 /* GamePrevievCell.swift */; };
/* End PBXBuildFile section */

/* Begin PBXFileReference section */
		CAA769292CA2094B00F8A461 /* SteamNews.app */ = {isa = PBXFileReference; explicitFileType = wrapper.application; includeInIndex = 0; path = SteamNews.app; sourceTree = BUILT_PRODUCTS_DIR; };
		CAA7692C2CA2094B00F8A461 /* AppDelegate.swift */ = {isa = PBXFileReference; lastKnownFileType = sourcecode.swift; path = AppDelegate.swift; sourceTree = "<group>"; };
		CAA7692E2CA2094B00F8A461 /* SceneDelegate.swift */ = {isa = PBXFileReference; lastKnownFileType = sourcecode.swift; path = SceneDelegate.swift; sourceTree = "<group>"; };
		CAA769332CA2094B00F8A461 /* Base */ = {isa = PBXFileReference; lastKnownFileType = file.storyboard; name = Base; path = Base.lproj/Main.storyboard; sourceTree = "<group>"; };
		CAA769352CA2094C00F8A461 /* Assets.xcassets */ = {isa = PBXFileReference; lastKnownFileType = folder.assetcatalog; path = Assets.xcassets; sourceTree = "<group>"; };
		CAA769382CA2094C00F8A461 /* Base */ = {isa = PBXFileReference; lastKnownFileType = file.storyboard; name = Base; path = Base.lproj/LaunchScreen.storyboard; sourceTree = "<group>"; };
		CAA7693A2CA2094C00F8A461 /* Info.plist */ = {isa = PBXFileReference; lastKnownFileType = text.plist.xml; path = Info.plist; sourceTree = "<group>"; };
		CAA769422CA20A9A00F8A461 /* NewsCell.swift */ = {isa = PBXFileReference; lastKnownFileType = sourcecode.swift; path = NewsCell.swift; sourceTree = "<group>"; };
		CAA769442CA20AC500F8A461 /* GameNews.swift */ = {isa = PBXFileReference; lastKnownFileType = sourcecode.swift; path = GameNews.swift; sourceTree = "<group>"; };
		CAA769552CB5619E00F8A461 /* WebViewController.swift */ = {isa = PBXFileReference; lastKnownFileType = sourcecode.swift; path = WebViewController.swift; sourceTree = "<group>"; };
		CAA769582CB562F300F8A461 /* StartViewController.swift */ = {isa = PBXFileReference; lastKnownFileType = sourcecode.swift; path = StartViewController.swift; sourceTree = "<group>"; };
		CAA7695A2CB5638400F8A461 /* NewsViewController.swift */ = {isa = PBXFileReference; lastKnownFileType = sourcecode.swift; path = NewsViewController.swift; sourceTree = "<group>"; };
		CAA7695C2CB5640900F8A461 /* WebMenager.swift */ = {isa = PBXFileReference; lastKnownFileType = sourcecode.swift; path = WebMenager.swift; sourceTree = "<group>"; };
		CAA7695E2CB5671A00F8A461 /* GamePrevievCell.swift */ = {isa = PBXFileReference; lastKnownFileType = sourcecode.swift; path = GamePrevievCell.swift; sourceTree = "<group>"; };
/* End PBXFileReference section */

/* Begin PBXFrameworksBuildPhase section */
		CAA769262CA2094B00F8A461 /* Frameworks */ = {
			isa = PBXFrameworksBuildPhase;
			buildActionMask = 2147483647;
			files = (
			);
			runOnlyForDeploymentPostprocessing = 0;
		};
/* End PBXFrameworksBuildPhase section */

/* Begin PBXGroup section */
		CAA769202CA2094B00F8A461 = {
			isa = PBXGroup;
			children = (
				CAA7692B2CA2094B00F8A461 /* SteamNews */,
				CAA7692A2CA2094B00F8A461 /* Products */,
			);
			sourceTree = "<group>";
		};
		CAA7692A2CA2094B00F8A461 /* Products */ = {
			isa = PBXGroup;
			children = (
				CAA769292CA2094B00F8A461 /* SteamNews.app */,
			);
			name = Products;
			sourceTree = "<group>";
		};
		CAA7692B2CA2094B00F8A461 /* SteamNews */ = {
			isa = PBXGroup;
			children = (
				CAA7694A2CA2273600F8A461 /* App */,
				CAA769482CA226FF00F8A461 /* ViewControllerts */,
				CAA769532CB560F900F8A461 /* Views */,
				CAA769492CA2271600F8A461 /* Storyboards */,
				CAA7694B2CA2274200F8A461 /* Models */,
				CAA769572CB561FC00F8A461 /* Services */,
				CAA7694C2CA2275C00F8A461 /* Resouces */,
			);
			path = SteamNews;
			sourceTree = "<group>";
		};
		CAA769482CA226FF00F8A461 /* ViewControllerts */ = {
			isa = PBXGroup;
			children = (
				CAA769582CB562F300F8A461 /* StartViewController.swift */,
				CAA7695A2CB5638400F8A461 /* NewsViewController.swift */,
				CAA769552CB5619E00F8A461 /* WebViewController.swift */,
			);
			path = ViewControllerts;
			sourceTree = "<group>";
		};
		CAA769492CA2271600F8A461 /* Storyboards */ = {
			isa = PBXGroup;
			children = (
				CAA769322CA2094B00F8A461 /* Main.storyboard */,
				CAA769372CA2094C00F8A461 /* LaunchScreen.storyboard */,
			);
			path = Storyboards;
			sourceTree = "<group>";
		};
		CAA7694A2CA2273600F8A461 /* App */ = {
			isa = PBXGroup;
			children = (
				CAA7692C2CA2094B00F8A461 /* AppDelegate.swift */,
				CAA7692E2CA2094B00F8A461 /* SceneDelegate.swift */,
				CAA7693A2CA2094C00F8A461 /* Info.plist */,
			);
			path = App;
			sourceTree = "<group>";
		};
		CAA7694B2CA2274200F8A461 /* Models */ = {
			isa = PBXGroup;
			children = (
				CAA769442CA20AC500F8A461 /* GameNews.swift */,
			);
			path = Models;
			sourceTree = "<group>";
		};
		CAA7694C2CA2275C00F8A461 /* Resouces */ = {
			isa = PBXGroup;
			children = (
				CAA769352CA2094C00F8A461 /* Assets.xcassets */,
			);
			path = Resouces;
			sourceTree = "<group>";
		};
		CAA769532CB560F900F8A461 /* Views */ = {
			isa = PBXGroup;
			children = (
				CAA769422CA20A9A00F8A461 /* NewsCell.swift */,
				CAA7695E2CB5671A00F8A461 /* GamePrevievCell.swift */,
			);
			path = Views;
			sourceTree = "<group>";
		};
		CAA769572CB561FC00F8A461 /* Services */ = {
			isa = PBXGroup;
			children = (
				CAA7695C2CB5640900F8A461 /* WebMenager.swift */,
			);
			path = Services;
			sourceTree = "<group>";
		};
/* End PBXGroup section */

/* Begin PBXNativeTarget section */
		CAA769282CA2094B00F8A461 /* SteamNews */ = {
			isa = PBXNativeTarget;
			buildConfigurationList = CAA7693D2CA2094C00F8A461 /* Build configuration list for PBXNativeTarget "SteamNews" */;
			buildPhases = (
				CAA769252CA2094B00F8A461 /* Sources */,
				CAA769262CA2094B00F8A461 /* Frameworks */,
				CAA769272CA2094B00F8A461 /* Resources */,
			);
			buildRules = (
			);
			dependencies = (
			);
			name = SteamNews;
			productName = SteamNews;
			productReference = CAA769292CA2094B00F8A461 /* SteamNews.app */;
			productType = "com.apple.product-type.application";
		};
/* End PBXNativeTarget section */

/* Begin PBXProject section */
		CAA769212CA2094B00F8A461 /* Project object */ = {
			isa = PBXProject;
			attributes = {
				BuildIndependentTargetsInParallel = 1;
				LastSwiftUpdateCheck = 1530;
				LastUpgradeCheck = 1530;
				TargetAttributes = {
					CAA769282CA2094B00F8A461 = {
						CreatedOnToolsVersion = 15.3;
					};
				};
			};
			buildConfigurationList = CAA769242CA2094B00F8A461 /* Build configuration list for PBXProject "SteamNews" */;
			compatibilityVersion = "Xcode 14.0";
			developmentRegion = en;
			hasScannedForEncodings = 0;
			knownRegions = (
				en,
				Base,
			);
			mainGroup = CAA769202CA2094B00F8A461;
			productRefGroup = CAA7692A2CA2094B00F8A461 /* Products */;
			projectDirPath = "";
			projectRoot = "";
			targets = (
				CAA769282CA2094B00F8A461 /* SteamNews */,
			);
		};
/* End PBXProject section */

/* Begin PBXResourcesBuildPhase section */
		CAA769272CA2094B00F8A461 /* Resources */ = {
			isa = PBXResourcesBuildPhase;
			buildActionMask = 2147483647;
			files = (
				CAA769362CA2094C00F8A461 /* Assets.xcassets in Resources */,
				CAA769392CA2094C00F8A461 /* Base in Resources */,
				CAA769342CA2094B00F8A461 /* Base in Resources */,
			);
			runOnlyForDeploymentPostprocessing = 0;
		};
/* End PBXResourcesBuildPhase section */

/* Begin PBXSourcesBuildPhase section */
		CAA769252CA2094B00F8A461 /* Sources */ = {
			isa = PBXSourcesBuildPhase;
			buildActionMask = 2147483647;
			files = (
				CAA769432CA20A9A00F8A461 /* NewsCell.swift in Sources */,
				CAA7692D2CA2094B00F8A461 /* AppDelegate.swift in Sources */,
				CAA7692F2CA2094B00F8A461 /* SceneDelegate.swift in Sources */,
				CAA7695F2CB5671A00F8A461 /* GamePrevievCell.swift in Sources */,
				CAA769562CB5619E00F8A461 /* WebViewController.swift in Sources */,
				CAA7695B2CB5638400F8A461 /* NewsViewController.swift in Sources */,
				CAA7695D2CB5640900F8A461 /* WebMenager.swift in Sources */,
				CAA769452CA20AC500F8A461 /* GameNews.swift in Sources */,
				CAA769592CB562F300F8A461 /* StartViewController.swift in Sources */,
			);
			runOnlyForDeploymentPostprocessing = 0;
		};
/* End PBXSourcesBuildPhase section */

/* Begin PBXVariantGroup section */
		CAA769322CA2094B00F8A461 /* Main.storyboard */ = {
			isa = PBXVariantGroup;
			children = (
				CAA769332CA2094B00F8A461 /* Base */,
			);
			name = Main.storyboard;
			sourceTree = "<group>";
		};
		CAA769372CA2094C00F8A461 /* LaunchScreen.storyboard */ = {
			isa = PBXVariantGroup;
			children = (
				CAA769382CA2094C00F8A461 /* Base */,
			);
			name = LaunchScreen.storyboard;
			sourceTree = "<group>";
		};
/* End PBXVariantGroup section */

/* Begin XCBuildConfiguration section */
		CAA7693B2CA2094C00F8A461 /* Debug */ = {
			isa = XCBuildConfiguration;
			buildSettings = {
				ALWAYS_SEARCH_USER_PATHS = NO;
				ASSETCATALOG_COMPILER_GENERATE_SWIFT_ASSET_SYMBOL_EXTENSIONS = YES;
				CLANG_ANALYZER_NONNULL = YES;
				CLANG_ANALYZER_NUMBER_OBJECT_CONVERSION = YES_AGGRESSIVE;
				CLANG_CXX_LANGUAGE_STANDARD = "gnu++20";
				CLANG_ENABLE_MODULES = YES;
				CLANG_ENABLE_OBJC_ARC = YES;
				CLANG_ENABLE_OBJC_WEAK = YES;
				CLANG_WARN_BLOCK_CAPTURE_AUTORELEASING = YES;
				CLANG_WARN_BOOL_CONVERSION = YES;
				CLANG_WARN_COMMA = YES;
				CLANG_WARN_CONSTANT_CONVERSION = YES;
				CLANG_WARN_DEPRECATED_OBJC_IMPLEMENTATIONS = YES;
				CLANG_WARN_DIRECT_OBJC_ISA_USAGE = YES_ERROR;
				CLANG_WARN_DOCUMENTATION_COMMENTS = YES;
				CLANG_WARN_EMPTY_BODY = YES;
				CLANG_WARN_ENUM_CONVERSION = YES;
				CLANG_WARN_INFINITE_RECURSION = YES;
				CLANG_WARN_INT_CONVERSION = YES;
				CLANG_WARN_NON_LITERAL_NULL_CONVERSION = YES;
				CLANG_WARN_OBJC_IMPLICIT_RETAIN_SELF = YES;
				CLANG_WARN_OBJC_LITERAL_CONVERSION = YES;
				CLANG_WARN_OBJC_ROOT_CLASS = YES_ERROR;
				CLANG_WARN_QUOTED_INCLUDE_IN_FRAMEWORK_HEADER = YES;
				CLANG_WARN_RANGE_LOOP_ANALYSIS = YES;
				CLANG_WARN_STRICT_PROTOTYPES = YES;
				CLANG_WARN_SUSPICIOUS_MOVE = YES;
				CLANG_WARN_UNGUARDED_AVAILABILITY = YES_AGGRESSIVE;
				CLANG_WARN_UNREACHABLE_CODE = YES;
				CLANG_WARN__DUPLICATE_METHOD_MATCH = YES;
				COPY_PHASE_STRIP = NO;
				DEBUG_INFORMATION_FORMAT = dwarf;
				ENABLE_STRICT_OBJC_MSGSEND = YES;
				ENABLE_TESTABILITY = YES;
				ENABLE_USER_SCRIPT_SANDBOXING = YES;
				GCC_C_LANGUAGE_STANDARD = gnu17;
				GCC_DYNAMIC_NO_PIC = NO;
				GCC_NO_COMMON_BLOCKS = YES;
				GCC_OPTIMIZATION_LEVEL = 0;
				GCC_PREPROCESSOR_DEFINITIONS = (
					"DEBUG=1",
					"$(inherited)",
				);
				GCC_WARN_64_TO_32_BIT_CONVERSION = YES;
				GCC_WARN_ABOUT_RETURN_TYPE = YES_ERROR;
				GCC_WARN_UNDECLARED_SELECTOR = YES;
				GCC_WARN_UNINITIALIZED_AUTOS = YES_AGGRESSIVE;
				GCC_WARN_UNUSED_FUNCTION = YES;
				GCC_WARN_UNUSED_VARIABLE = YES;
				IPHONEOS_DEPLOYMENT_TARGET = 17.0;
				LOCALIZATION_PREFERS_STRING_CATALOGS = YES;
				MTL_ENABLE_DEBUG_INFO = INCLUDE_SOURCE;
				MTL_FAST_MATH = YES;
				ONLY_ACTIVE_ARCH = YES;
				SDKROOT = iphoneos;
				SWIFT_ACTIVE_COMPILATION_CONDITIONS = "DEBUG $(inherited)";
				SWIFT_OPTIMIZATION_LEVEL = "-Onone";
			};
			name = Debug;
		};
		CAA7693C2CA2094C00F8A461 /* Release */ = {
			isa = XCBuildConfiguration;
			buildSettings = {
				ALWAYS_SEARCH_USER_PATHS = NO;
				ASSETCATALOG_COMPILER_GENERATE_SWIFT_ASSET_SYMBOL_EXTENSIONS = YES;
				CLANG_ANALYZER_NONNULL = YES;
				CLANG_ANALYZER_NUMBER_OBJECT_CONVERSION = YES_AGGRESSIVE;
				CLANG_CXX_LANGUAGE_STANDARD = "gnu++20";
				CLANG_ENABLE_MODULES = YES;
				CLANG_ENABLE_OBJC_ARC = YES;
				CLANG_ENABLE_OBJC_WEAK = YES;
				CLANG_WARN_BLOCK_CAPTURE_AUTORELEASING = YES;
				CLANG_WARN_BOOL_CONVERSION = YES;
				CLANG_WARN_COMMA = YES;
				CLANG_WARN_CONSTANT_CONVERSION = YES;
				CLANG_WARN_DEPRECATED_OBJC_IMPLEMENTATIONS = YES;
				CLANG_WARN_DIRECT_OBJC_ISA_USAGE = YES_ERROR;
				CLANG_WARN_DOCUMENTATION_COMMENTS = YES;
				CLANG_WARN_EMPTY_BODY = YES;
				CLANG_WARN_ENUM_CONVERSION = YES;
				CLANG_WARN_INFINITE_RECURSION = YES;
				CLANG_WARN_INT_CONVERSION = YES;
				CLANG_WARN_NON_LITERAL_NULL_CONVERSION = YES;
				CLANG_WARN_OBJC_IMPLICIT_RETAIN_SELF = YES;
				CLANG_WARN_OBJC_LITERAL_CONVERSION = YES;
				CLANG_WARN_OBJC_ROOT_CLASS = YES_ERROR;
				CLANG_WARN_QUOTED_INCLUDE_IN_FRAMEWORK_HEADER = YES;
				CLANG_WARN_RANGE_LOOP_ANALYSIS = YES;
				CLANG_WARN_STRICT_PROTOTYPES = YES;
				CLANG_WARN_SUSPICIOUS_MOVE = YES;
				CLANG_WARN_UNGUARDED_AVAILABILITY = YES_AGGRESSIVE;
				CLANG_WARN_UNREACHABLE_CODE = YES;
				CLANG_WARN__DUPLICATE_METHOD_MATCH = YES;
				COPY_PHASE_STRIP = NO;
				DEBUG_INFORMATION_FORMAT = "dwarf-with-dsym";
				ENABLE_NS_ASSERTIONS = NO;
				ENABLE_STRICT_OBJC_MSGSEND = YES;
				ENABLE_USER_SCRIPT_SANDBOXING = YES;
				GCC_C_LANGUAGE_STANDARD = gnu17;
				GCC_NO_COMMON_BLOCKS = YES;
				GCC_WARN_64_TO_32_BIT_CONVERSION = YES;
				GCC_WARN_ABOUT_RETURN_TYPE = YES_ERROR;
				GCC_WARN_UNDECLARED_SELECTOR = YES;
				GCC_WARN_UNINITIALIZED_AUTOS = YES_AGGRESSIVE;
				GCC_WARN_UNUSED_FUNCTION = YES;
				GCC_WARN_UNUSED_VARIABLE = YES;
				IPHONEOS_DEPLOYMENT_TARGET = 17.0;
				LOCALIZATION_PREFERS_STRING_CATALOGS = YES;
				MTL_ENABLE_DEBUG_INFO = NO;
				MTL_FAST_MATH = YES;
				SDKROOT = iphoneos;
				SWIFT_COMPILATION_MODE = wholemodule;
				VALIDATE_PRODUCT = YES;
			};
			name = Release;
		};
		CAA7693E2CA2094C00F8A461 /* Debug */ = {
			isa = XCBuildConfiguration;
			buildSettings = {
				ASSETCATALOG_COMPILER_APPICON_NAME = AppIcon;
				ASSETCATALOG_COMPILER_GLOBAL_ACCENT_COLOR_NAME = AccentColor;
				CODE_SIGN_STYLE = Automatic;
				CURRENT_PROJECT_VERSION = 1;
				DEVELOPMENT_TEAM = ACQJ3L623S;
				GENERATE_INFOPLIST_FILE = YES;
				INFOPLIST_FILE = SteamNews/App/Info.plist;
				INFOPLIST_KEY_UIApplicationSupportsIndirectInputEvents = YES;
				INFOPLIST_KEY_UILaunchStoryboardName = LaunchScreen;
				INFOPLIST_KEY_UIMainStoryboardFile = Main;
				INFOPLIST_KEY_UISupportedInterfaceOrientations_iPad = "UIInterfaceOrientationPortrait UIInterfaceOrientationPortraitUpsideDown UIInterfaceOrientationLandscapeLeft UIInterfaceOrientationLandscapeRight";
				INFOPLIST_KEY_UISupportedInterfaceOrientations_iPhone = "UIInterfaceOrientationPortrait UIInterfaceOrientationLandscapeLeft UIInterfaceOrientationLandscapeRight";
				LD_RUNPATH_SEARCH_PATHS = (
					"$(inherited)",
					"@executable_path/Frameworks",
				);
				MARKETING_VERSION = 1.0;
				PRODUCT_BUNDLE_IDENTIFIER = ScholInSwiftbook.SteamNews;
				PRODUCT_NAME = "$(TARGET_NAME)";
				SUPPORTED_PLATFORMS = "iphoneos iphonesimulator";
				SUPPORTS_MACCATALYST = NO;
				SUPPORTS_MAC_DESIGNED_FOR_IPHONE_IPAD = NO;
				SUPPORTS_XR_DESIGNED_FOR_IPHONE_IPAD = NO;
				SWIFT_EMIT_LOC_STRINGS = YES;
				SWIFT_VERSION = 5.0;
				TARGETED_DEVICE_FAMILY = 1;
			};
			name = Debug;
		};
		CAA7693F2CA2094C00F8A461 /* Release */ = {
			isa = XCBuildConfiguration;
			buildSettings = {
				ASSETCATALOG_COMPILER_APPICON_NAME = AppIcon;
				ASSETCATALOG_COMPILER_GLOBAL_ACCENT_COLOR_NAME = AccentColor;
				CODE_SIGN_STYLE = Automatic;
				CURRENT_PROJECT_VERSION = 1;
				DEVELOPMENT_TEAM = ACQJ3L623S;
				GENERATE_INFOPLIST_FILE = YES;
				INFOPLIST_FILE = SteamNews/App/Info.plist;
				INFOPLIST_KEY_UIApplicationSupportsIndirectInputEvents = YES;
				INFOPLIST_KEY_UILaunchStoryboardName = LaunchScreen;
				INFOPLIST_KEY_UIMainStoryboardFile = Main;
				INFOPLIST_KEY_UISupportedInterfaceOrientations_iPad = "UIInterfaceOrientationPortrait UIInterfaceOrientationPortraitUpsideDown UIInterfaceOrientationLandscapeLeft UIInterfaceOrientationLandscapeRight";
				INFOPLIST_KEY_UISupportedInterfaceOrientations_iPhone = "UIInterfaceOrientationPortrait UIInterfaceOrientationLandscapeLeft UIInterfaceOrientationLandscapeRight";
				LD_RUNPATH_SEARCH_PATHS = (
					"$(inherited)",
					"@executable_path/Frameworks",
				);
				MARKETING_VERSION = 1.0;
				PRODUCT_BUNDLE_IDENTIFIER = ScholInSwiftbook.SteamNews;
				PRODUCT_NAME = "$(TARGET_NAME)";
				SUPPORTED_PLATFORMS = "iphoneos iphonesimulator";
				SUPPORTS_MACCATALYST = NO;
				SUPPORTS_MAC_DESIGNED_FOR_IPHONE_IPAD = NO;
				SUPPORTS_XR_DESIGNED_FOR_IPHONE_IPAD = NO;
				SWIFT_EMIT_LOC_STRINGS = YES;
				SWIFT_VERSION = 5.0;
				TARGETED_DEVICE_FAMILY = 1;
			};
			name = Release;
		};
/* End XCBuildConfiguration section */

/* Begin XCConfigurationList section */
		CAA769242CA2094B00F8A461 /* Build configuration list for PBXProject "SteamNews" */ = {
			isa = XCConfigurationList;
			buildConfigurations = (
				CAA7693B2CA2094C00F8A461 /* Debug */,
				CAA7693C2CA2094C00F8A461 /* Release */,
			);
			defaultConfigurationIsVisible = 0;
			defaultConfigurationName = Release;
		};
		CAA7693D2CA2094C00F8A461 /* Build configuration list for PBXNativeTarget "SteamNews" */ = {
			isa = XCConfigurationList;
			buildConfigurations = (
				CAA7693E2CA2094C00F8A461 /* Debug */,
				CAA7693F2CA2094C00F8A461 /* Release */,
			);
			defaultConfigurationIsVisible = 0;
			defaultConfigurationName = Release;
		};
/* End XCConfigurationList section */
	};
	rootObject = CAA769212CA2094B00F8A461 /* Project object */;
}
